
Microsoft Visual Studio Solution File, Format Version 12.00
# Visual Studio Version 16
VisualStudioVersion = 16.0.29020.237
MinimumVisualStudioVersion = 10.0.40219.1
Project("{FAE04EC0-301F-11D3-BF4B-00C04F79EFBC}") = "BackEnd", "BackEnd\BackEnd.csproj", "{3A1B55E7-B3BC-40EF-A806-3CF5EB8B1622}"
EndProject
Project("{FAE04EC0-301F-11D3-BF4B-00C04F79EFBC}") = "ConferenceDTO", "ConferenceDTO\ConferenceDTO.csproj", "{27877A4A-C058-4271-A22D-91253E7A84FE}"
EndProject
Global
	GlobalSection(SolutionConfigurationPlatforms) = preSolution
		Debug|Any CPU = Debug|Any CPU
		Release|Any CPU = Release|Any CPU
	EndGlobalSection
	GlobalSection(ProjectConfigurationPlatforms) = postSolution
		{3A1B55E7-B3BC-40EF-A806-3CF5EB8B1622}.Debug|Any CPU.ActiveCfg = Debug|Any CPU
		{3A1B55E7-B3BC-40EF-A806-3CF5EB8B1622}.Debug|Any CPU.Build.0 = Debug|Any CPU
		{3A1B55E7-B3BC-40EF-A806-3CF5EB8B1622}.Release|Any CPU.ActiveCfg = Release|Any CPU
		{3A1B55E7-B3BC-40EF-A806-3CF5EB8B1622}.Release|Any CPU.Build.0 = Release|Any CPU
		{27877A4A-C058-4271-A22D-91253E7A84FE}.Debug|Any CPU.ActiveCfg = Debug|Any CPU
		{27877A4A-C058-4271-A22D-91253E7A84FE}.Debug|Any CPU.Build.0 = Debug|Any CPU
		{27877A4A-C058-4271-A22D-91253E7A84FE}.Release|Any CPU.ActiveCfg = Release|Any CPU
		{27877A4A-C058-4271-A22D-91253E7A84FE}.Release|Any CPU.Build.0 = Release|Any CPU
	EndGlobalSection
	GlobalSection(SolutionProperties) = preSolution
		HideSolutionNode = FALSE
	EndGlobalSection
	GlobalSection(ExtensibilityGlobals) = postSolution
		SolutionGuid = {98E9A3AE-87A8-4465-B935-9A599807A554}
	EndGlobalSection
EndGlobal
